[root]
name = "gvim-remote"
version = "0.1.1"
dependencies = [
 "winres 0.1.4 (registry+https://github.com/rust-lang/crates.io-index)",
]

[[package]]
name = "serde"
version = "1.0.8"
source = "registry+https://github.com/rust-lang/crates.io-index"

[[package]]
name = "toml"
version = "0.4.1"
source = "registry+https://github.com/rust-lang/crates.io-index"
dependencies = [
 "serde 1.0.8 (registry+https://github.com/rust-lang/crates.io-index)",
]

[[package]]
name = "winres"
version = "0.1.4"
source = "registry+https://github.com/rust-lang/crates.io-index"
dependencies = [
 "toml 0.4.1 (registry+https://github.com/rust-lang/crates.io-index)",
]

[metadata]
"checksum serde 1.0.8 (registry+https://github.com/rust-lang/crates.io-index)" = "c2f530d36fb84ec48fb7146936881f026cdbf4892028835fd9398475f82c1bb4"
"checksum toml 0.4.1 (registry+https://github.com/rust-lang/crates.io-index)" = "4cc5dbfb20a481e64b99eb7ae280859ec76730c7191570ba5edaa962394edb0a"
"checksum winres 0.1.4 (registry+https://github.com/rust-lang/crates.io-index)" = "18dbd098aa07bf7a6bb2b3541e62a54b6c51305f4efcc233ff0257030ba10a3a"
